
Microsoft Visual Studio Solution File, Format Version 12.00
# Visual Studio Version 16
VisualStudioVersion = 16.0.30621.155
MinimumVisualStudioVersion = 10.0.40219.1
Project("{9A19103F-16F7-4668-BE54-9A1E7A4F7556}") = "MonsterHunterWeapons", "MonsterHunterWeapons.csproj", "{252CCAEA-3203-4A74-A1A3-CB2039F02984}"
EndProject
Global
	GlobalSection(SolutionConfigurationPlatforms) = preSolution
		Debug|Any CPU = Debug|Any CPU
		Release|Any CPU = Release|Any CPU
	EndGlobalSection
	GlobalSection(ProjectConfigurationPlatforms) = postSolution
		{252CCAEA-3203-4A74-A1A3-CB2039F02984}.Debug|Any CPU.ActiveCfg = Debug|Any CPU
		{252CCAEA-3203-4A74-A1A3-CB2039F02984}.Debug|Any CPU.Build.0 = Debug|Any CPU
		{252CCAEA-3203-4A74-A1A3-CB2039F02984}.Release|Any CPU.ActiveCfg = Release|Any CPU
		{252CCAEA-3203-4A74-A1A3-CB2039F02984}.Release|Any CPU.Build.0 = Release|Any CPU
	EndGlobalSection
	GlobalSection(SolutionProperties) = preSolution
		HideSolutionNode = FALSE
	EndGlobalSection
	GlobalSection(ExtensibilityGlobals) = postSolution
		SolutionGuid = {58685DD8-00FA-4A8A-ACF6-BAB2FECE039C}
	EndGlobalSection
EndGlobal
